// !$*UTF8*$!
{
	archiveVersion = 1;
	classes = {
	};
	objectVersion = 50;
	objects = {

/* Begin PBXBuildFile section */
		4354DEAD20EC115400FC8219 /* AppDelegate.swift in Sources */ = {isa = PBXBuildFile; fileRef = 4354DEAC20EC115400FC8219 /* AppDelegate.swift */; };
		4354DEAF20EC115600FC8219 /* Assets.xcassets in Resources */ = {isa = PBXBuildFile; fileRef = 4354DEAE20EC115600FC8219 /* Assets.xcassets */; };
		4354DEB220EC115600FC8219 /* MainMenu.xib in Resources */ = {isa = PBXBuildFile; fileRef = 4354DEB020EC115600FC8219 /* MainMenu.xib */; };
		4354DEC120EC12CA00FC8219 /* icon.icns in Resources */ = {isa = PBXBuildFile; fileRef = 4354DEC020EC12CA00FC8219 /* icon.icns */; };
		4354DEC320EC12CA00FC8219 /* ShareViewController.swift in Sources */ = {isa = PBXBuildFile; fileRef = 4354DEC220EC12CA00FC8219 /* ShareViewController.swift */; };
		4354DEC620EC12CA00FC8219 /* ShareViewController.xib in Resources */ = {isa = PBXBuildFile; fileRef = 4354DEC420EC12CA00FC8219 /* ShareViewController.xib */; };
		4354DECB20EC12CA00FC8219 /* Send to Indiepaper.appex in Embed App Extensions */ = {isa = PBXBuildFile; fileRef = 4354DEBE20EC12CA00FC8219 /* Send to Indiepaper.appex */; settings = {ATTRIBUTES = (RemoveHeadersOnCopy, ); }; };
		4354DED020EE89CE00FC8219 /* ShareViewController.swift in Sources */ = {isa = PBXBuildFile; fileRef = 4354DEC220EC12CA00FC8219 /* ShareViewController.swift */; };
		4354DED120EE978D00FC8219 /* Assets.xcassets in Resources */ = {isa = PBXBuildFile; fileRef = 4354DEAE20EC115600FC8219 /* Assets.xcassets */; };
		C8A3F91620F3FD5800B94809 /* AppDelegate.swift in Sources */ = {isa = PBXBuildFile; fileRef = C8A3F91520F3FD5800B94809 /* AppDelegate.swift */; };
		C8A3F91820F3FD5800B94809 /* MainViewController.swift in Sources */ = {isa = PBXBuildFile; fileRef = C8A3F91720F3FD5800B94809 /* MainViewController.swift */; };
		C8A3F91B20F3FD5800B94809 /* Main.storyboard in Resources */ = {isa = PBXBuildFile; fileRef = C8A3F91920F3FD5800B94809 /* Main.storyboard */; };
		C8A3F91D20F3FD5B00B94809 /* ios-Assets.xcassets in Resources */ = {isa = PBXBuildFile; fileRef = C8A3F91C20F3FD5B00B94809 /* ios-Assets.xcassets */; };
		C8A3F92020F3FD5B00B94809 /* LaunchScreen.storyboard in Resources */ = {isa = PBXBuildFile; fileRef = C8A3F91E20F3FD5B00B94809 /* LaunchScreen.storyboard */; };
/* End PBXBuildFile section */

/* Begin PBXContainerItemProxy section */
		4354DEC920EC12CA00FC8219 /* PBXContainerItemProxy */ = {
			isa = PBXContainerItemProxy;
			containerPortal = 4354DEA120EC115400FC8219 /* Project object */;
			proxyType = 1;
			remoteGlobalIDString = 4354DEBD20EC12CA00FC8219;
			remoteInfo = "Send to Indiepaper";
		};
/* End PBXContainerItemProxy section */

/* Begin PBXCopyFilesBuildPhase section */
		4354DECF20EC12CA00FC8219 /* Embed App Extensions */ = {
			isa = PBXCopyFilesBuildPhase;
			buildActionMask = 2147483647;
			dstPath = "";
			dstSubfolderSpec = 13;
			files = (
				4354DECB20EC12CA00FC8219 /* Send to Indiepaper.appex in Embed App Extensions */,
			);
			name = "Embed App Extensions";
			runOnlyForDeploymentPostprocessing = 0;
		};
/* End PBXCopyFilesBuildPhase section */

/* Begin PBXFileReference section */
		4354DEA920EC115400FC8219 /* Indiepaper.app */ = {isa = PBXFileReference; explicitFileType = wrapper.application; includeInIndex = 0; path = Indiepaper.app; sourceTree = BUILT_PRODUCTS_DIR; };
		4354DEAC20EC115400FC8219 /* AppDelegate.swift */ = {isa = PBXFileReference; lastKnownFileType = sourcecode.swift; path = AppDelegate.swift; sourceTree = "<group>"; };
		4354DEAE20EC115600FC8219 /* Assets.xcassets */ = {isa = PBXFileReference; lastKnownFileType = folder.assetcatalog; path = Assets.xcassets; sourceTree = "<group>"; };
		4354DEB120EC115600FC8219 /* Base */ = {isa = PBXFileReference; lastKnownFileType = file.xib; name = Base; path = Base.lproj/MainMenu.xib; sourceTree = "<group>"; };
		4354DEB320EC115600FC8219 /* Info.plist */ = {isa = PBXFileReference; lastKnownFileType = text.plist.xml; path = Info.plist; sourceTree = "<group>"; };
		4354DEB420EC115600FC8219 /* Indiepaper.entitlements */ = {isa = PBXFileReference; lastKnownFileType = text.plist.entitlements; path = Indiepaper.entitlements; sourceTree = "<group>"; };
		4354DEBE20EC12CA00FC8219 /* Send to Indiepaper.appex */ = {isa = PBXFileReference; explicitFileType = "wrapper.app-extension"; includeInIndex = 0; path = "Send to Indiepaper.appex"; sourceTree = BUILT_PRODUCTS_DIR; };
		4354DEC020EC12CA00FC8219 /* icon.icns */ = {isa = PBXFileReference; lastKnownFileType = image.icns; path = icon.icns; sourceTree = "<group>"; };
		4354DEC220EC12CA00FC8219 /* ShareViewController.swift */ = {isa = PBXFileReference; lastKnownFileType = sourcecode.swift; path = ShareViewController.swift; sourceTree = "<group>"; };
		4354DEC520EC12CA00FC8219 /* Base */ = {isa = PBXFileReference; lastKnownFileType = file.xib; name = Base; path = Base.lproj/ShareViewController.xib; sourceTree = "<group>"; };
		4354DEC720EC12CA00FC8219 /* Info.plist */ = {isa = PBXFileReference; lastKnownFileType = text.plist.xml; path = Info.plist; sourceTree = "<group>"; };
		4354DEC820EC12CA00FC8219 /* Send_to_Indiepaper.entitlements */ = {isa = PBXFileReference; lastKnownFileType = text.plist.entitlements; path = Send_to_Indiepaper.entitlements; sourceTree = "<group>"; };
		437E6C6F20EEAC4B00B0BE95 /* README.md */ = {isa = PBXFileReference; lastKnownFileType = net.daringfireball.markdown; path = README.md; sourceTree = "<group>"; };
		C8A3F91320F3FD5800B94809 /* Indiepaper.iOS.app */ = {isa = PBXFileReference; explicitFileType = wrapper.application; includeInIndex = 0; path = Indiepaper.iOS.app; sourceTree = BUILT_PRODUCTS_DIR; };
		C8A3F91520F3FD5800B94809 /* AppDelegate.swift */ = {isa = PBXFileReference; lastKnownFileType = sourcecode.swift; path = AppDelegate.swift; sourceTree = "<group>"; };
		C8A3F91720F3FD5800B94809 /* MainViewController.swift */ = {isa = PBXFileReference; lastKnownFileType = sourcecode.swift; path = MainViewController.swift; sourceTree = "<group>"; };
		C8A3F91A20F3FD5800B94809 /* Base */ = {isa = PBXFileReference; lastKnownFileType = file.storyboard; name = Base; path = Base.lproj/Main.storyboard; sourceTree = "<group>"; };
		C8A3F91C20F3FD5B00B94809 /* ios-Assets.xcassets */ = {isa = PBXFileReference; lastKnownFileType = folder.assetcatalog; path = "ios-Assets.xcassets"; sourceTree = "<group>"; };
		C8A3F91F20F3FD5B00B94809 /* Base */ = {isa = PBXFileReference; lastKnownFileType = file.storyboard; name = Base; path = Base.lproj/LaunchScreen.storyboard; sourceTree = "<group>"; };
		C8A3F92120F3FD5B00B94809 /* Info.plist */ = {isa = PBXFileReference; lastKnownFileType = text.plist.xml; path = Info.plist; sourceTree = "<group>"; };
/* End PBXFileReference section */

/* Begin PBXFrameworksBuildPhase section */
		4354DEA620EC115400FC8219 /* Frameworks */ = {
			isa = PBXFrameworksBuildPhase;
			buildActionMask = 2147483647;
			files = (
			);
			runOnlyForDeploymentPostprocessing = 0;
		};
		4354DEBB20EC12CA00FC8219 /* Frameworks */ = {
			isa = PBXFrameworksBuildPhase;
			buildActionMask = 2147483647;
			files = (
			);
			runOnlyForDeploymentPostprocessing = 0;
		};
		C8A3F91020F3FD5800B94809 /* Frameworks */ = {
			isa = PBXFrameworksBuildPhase;
			buildActionMask = 2147483647;
			files = (
			);
			runOnlyForDeploymentPostprocessing = 0;
		};
/* End PBXFrameworksBuildPhase section */

/* Begin PBXGroup section */
		4354DEA020EC115400FC8219 = {
			isa = PBXGroup;
			children = (
				437E6C6F20EEAC4B00B0BE95 /* README.md */,
				4354DEAB20EC115400FC8219 /* Indiepaper */,
				4354DEBF20EC12CA00FC8219 /* Send to Indiepaper */,
				C8A3F91420F3FD5800B94809 /* Indiepaper.iOS */,
				4354DEAA20EC115400FC8219 /* Products */,
			);
			sourceTree = "<group>";
		};
		4354DEAA20EC115400FC8219 /* Products */ = {
			isa = PBXGroup;
			children = (
				4354DEA920EC115400FC8219 /* Indiepaper.app */,
				4354DEBE20EC12CA00FC8219 /* Send to Indiepaper.appex */,
				C8A3F91320F3FD5800B94809 /* Indiepaper.iOS.app */,
			);
			name = Products;
			sourceTree = "<group>";
		};
		4354DEAB20EC115400FC8219 /* Indiepaper */ = {
			isa = PBXGroup;
			children = (
				4354DEAC20EC115400FC8219 /* AppDelegate.swift */,
				4354DEAE20EC115600FC8219 /* Assets.xcassets */,
				4354DEB020EC115600FC8219 /* MainMenu.xib */,
				4354DEB320EC115600FC8219 /* Info.plist */,
				4354DEB420EC115600FC8219 /* Indiepaper.entitlements */,
			);
			path = Indiepaper;
			sourceTree = "<group>";
		};
		4354DEBF20EC12CA00FC8219 /* Send to Indiepaper */ = {
			isa = PBXGroup;
			children = (
				4354DEC020EC12CA00FC8219 /* icon.icns */,
				4354DEC220EC12CA00FC8219 /* ShareViewController.swift */,
				4354DEC420EC12CA00FC8219 /* ShareViewController.xib */,
				4354DEC720EC12CA00FC8219 /* Info.plist */,
				4354DEC820EC12CA00FC8219 /* Send_to_Indiepaper.entitlements */,
			);
			path = "Send to Indiepaper";
			sourceTree = "<group>";
		};
		C8A3F91420F3FD5800B94809 /* Indiepaper.iOS */ = {
			isa = PBXGroup;
			children = (
				C8A3F91520F3FD5800B94809 /* AppDelegate.swift */,
				C8A3F91720F3FD5800B94809 /* MainViewController.swift */,
				C8A3F91920F3FD5800B94809 /* Main.storyboard */,
				C8A3F91C20F3FD5B00B94809 /* ios-Assets.xcassets */,
				C8A3F91E20F3FD5B00B94809 /* LaunchScreen.storyboard */,
				C8A3F92120F3FD5B00B94809 /* Info.plist */,
			);
			path = Indiepaper.iOS;
			sourceTree = "<group>";
		};
/* End PBXGroup section */

/* Begin PBXNativeTarget section */
		4354DEA820EC115400FC8219 /* Indiepaper */ = {
			isa = PBXNativeTarget;
			buildConfigurationList = 4354DEB720EC115600FC8219 /* Build configuration list for PBXNativeTarget "Indiepaper" */;
			buildPhases = (
				4354DEA520EC115400FC8219 /* Sources */,
				4354DEA620EC115400FC8219 /* Frameworks */,
				4354DEA720EC115400FC8219 /* Resources */,
				4354DECF20EC12CA00FC8219 /* Embed App Extensions */,
			);
			buildRules = (
			);
			dependencies = (
				4354DECA20EC12CA00FC8219 /* PBXTargetDependency */,
			);
			name = Indiepaper;
			productName = Indiepaper;
			productReference = 4354DEA920EC115400FC8219 /* Indiepaper.app */;
			productType = "com.apple.product-type.application";
		};
		4354DEBD20EC12CA00FC8219 /* Send to Indiepaper */ = {
			isa = PBXNativeTarget;
			buildConfigurationList = 4354DECC20EC12CA00FC8219 /* Build configuration list for PBXNativeTarget "Send to Indiepaper" */;
			buildPhases = (
				4354DEBA20EC12CA00FC8219 /* Sources */,
				4354DEBB20EC12CA00FC8219 /* Frameworks */,
				4354DEBC20EC12CA00FC8219 /* Resources */,
			);
			buildRules = (
			);
			dependencies = (
			);
			name = "Send to Indiepaper";
			productName = "Send to Indiepaper";
			productReference = 4354DEBE20EC12CA00FC8219 /* Send to Indiepaper.appex */;
			productType = "com.apple.product-type.app-extension";
		};
		C8A3F91220F3FD5800B94809 /* Indiepaper.iOS */ = {
			isa = PBXNativeTarget;
			buildConfigurationList = C8A3F92420F3FD5B00B94809 /* Build configuration list for PBXNativeTarget "Indiepaper.iOS" */;
			buildPhases = (
				C8A3F90F20F3FD5800B94809 /* Sources */,
				C8A3F91020F3FD5800B94809 /* Frameworks */,
				C8A3F91120F3FD5800B94809 /* Resources */,
			);
			buildRules = (
			);
			dependencies = (
			);
			name = Indiepaper.iOS;
			productName = Indiepaper.iOS;
			productReference = C8A3F91320F3FD5800B94809 /* Indiepaper.iOS.app */;
			productType = "com.apple.product-type.application";
		};
/* End PBXNativeTarget section */

/* Begin PBXProject section */
		4354DEA120EC115400FC8219 /* Project object */ = {
			isa = PBXProject;
			attributes = {
				LastSwiftUpdateCheck = 1000;
				LastUpgradeCheck = 0940;
				ORGANIZATIONNAME = "Jonathan LaCour";
				TargetAttributes = {
					4354DEA820EC115400FC8219 = {
						CreatedOnToolsVersion = 9.4.1;
						SystemCapabilities = {
							com.apple.ApplicationGroups.Mac = {
								enabled = 1;
							};
							com.apple.Sandbox = {
								enabled = 1;
							};
						};
					};
					4354DEBD20EC12CA00FC8219 = {
						CreatedOnToolsVersion = 9.4.1;
						SystemCapabilities = {
							com.apple.ApplicationGroups.Mac = {
								enabled = 1;
							};
							com.apple.Sandbox = {
								enabled = 1;
							};
						};
					};
					C8A3F91220F3FD5800B94809 = {
						CreatedOnToolsVersion = 10.0;
					};
				};
			};
			buildConfigurationList = 4354DEA420EC115400FC8219 /* Build configuration list for PBXProject "Indiepaper" */;
			compatibilityVersion = "Xcode 9.3";
			developmentRegion = en;
			hasScannedForEncodings = 0;
			knownRegions = (
				en,
				Base,
			);
			mainGroup = 4354DEA020EC115400FC8219;
			productRefGroup = 4354DEAA20EC115400FC8219 /* Products */;
			projectDirPath = "";
			projectRoot = "";
			targets = (
				4354DEA820EC115400FC8219 /* Indiepaper */,
				4354DEBD20EC12CA00FC8219 /* Send to Indiepaper */,
				C8A3F91220F3FD5800B94809 /* Indiepaper.iOS */,
			);
		};
/* End PBXProject section */

/* Begin PBXResourcesBuildPhase section */
		4354DEA720EC115400FC8219 /* Resources */ = {
			isa = PBXResourcesBuildPhase;
			buildActionMask = 2147483647;
			files = (
				4354DEAF20EC115600FC8219 /* Assets.xcassets in Resources */,
				4354DEB220EC115600FC8219 /* MainMenu.xib in Resources */,
			);
			runOnlyForDeploymentPostprocessing = 0;
		};
		4354DEBC20EC12CA00FC8219 /* Resources */ = {
			isa = PBXResourcesBuildPhase;
			buildActionMask = 2147483647;
			files = (
				4354DEC620EC12CA00FC8219 /* ShareViewController.xib in Resources */,
				4354DED120EE978D00FC8219 /* Assets.xcassets in Resources */,
				4354DEC120EC12CA00FC8219 /* icon.icns in Resources */,
			);
			runOnlyForDeploymentPostprocessing = 0;
		};
		C8A3F91120F3FD5800B94809 /* Resources */ = {
			isa = PBXResourcesBuildPhase;
			buildActionMask = 2147483647;
			files = (
				C8A3F92020F3FD5B00B94809 /* LaunchScreen.storyboard in Resources */,
				C8A3F91D20F3FD5B00B94809 /* ios-Assets.xcassets in Resources */,
				C8A3F91B20F3FD5800B94809 /* Main.storyboard in Resources */,
			);
			runOnlyForDeploymentPostprocessing = 0;
		};
/* End PBXResourcesBuildPhase section */

/* Begin PBXSourcesBuildPhase section */
		4354DEA520EC115400FC8219 /* Sources */ = {
			isa = PBXSourcesBuildPhase;
			buildActionMask = 2147483647;
			files = (
				4354DED020EE89CE00FC8219 /* ShareViewController.swift in Sources */,
				4354DEAD20EC115400FC8219 /* AppDelegate.swift in Sources */,
			);
			runOnlyForDeploymentPostprocessing = 0;
		};
		4354DEBA20EC12CA00FC8219 /* Sources */ = {
			isa = PBXSourcesBuildPhase;
			buildActionMask = 2147483647;
			files = (
				4354DEC320EC12CA00FC8219 /* ShareViewController.swift in Sources */,
			);
			runOnlyForDeploymentPostprocessing = 0;
		};
		C8A3F90F20F3FD5800B94809 /* Sources */ = {
			isa = PBXSourcesBuildPhase;
			buildActionMask = 2147483647;
			files = (
				C8A3F91820F3FD5800B94809 /* MainViewController.swift in Sources */,
				C8A3F91620F3FD5800B94809 /* AppDelegate.swift in Sources */,
			);
			runOnlyForDeploymentPostprocessing = 0;
		};
/* End PBXSourcesBuildPhase section */

/* Begin PBXTargetDependency section */
		4354DECA20EC12CA00FC8219 /* PBXTargetDependency */ = {
			isa = PBXTargetDependency;
			target = 4354DEBD20EC12CA00FC8219 /* Send to Indiepaper */;
			targetProxy = 4354DEC920EC12CA00FC8219 /* PBXContainerItemProxy */;
		};
/* End PBXTargetDependency section */

/* Begin PBXVariantGroup section */
		4354DEB020EC115600FC8219 /* MainMenu.xib */ = {
			isa = PBXVariantGroup;
			children = (
				4354DEB120EC115600FC8219 /* Base */,
			);
			name = MainMenu.xib;
			sourceTree = "<group>";
		};
		4354DEC420EC12CA00FC8219 /* ShareViewController.xib */ = {
			isa = PBXVariantGroup;
			children = (
				4354DEC520EC12CA00FC8219 /* Base */,
			);
			name = ShareViewController.xib;
			sourceTree = "<group>";
		};
		C8A3F91920F3FD5800B94809 /* Main.storyboard */ = {
			isa = PBXVariantGroup;
			children = (
				C8A3F91A20F3FD5800B94809 /* Base */,
			);
			name = Main.storyboard;
			sourceTree = "<group>";
		};
		C8A3F91E20F3FD5B00B94809 /* LaunchScreen.storyboard */ = {
			isa = PBXVariantGroup;
			children = (
				C8A3F91F20F3FD5B00B94809 /* Base */,
			);
			name = LaunchScreen.storyboard;
			sourceTree = "<group>";
		};
/* End PBXVariantGroup section */

/* Begin XCBuildConfiguration section */
		4354DEB520EC115600FC8219 /* Debug */ = {
			isa = XCBuildConfiguration;
			buildSettings = {
				ALWAYS_SEARCH_USER_PATHS = NO;
				CLANG_ANALYZER_NONNULL = YES;
				CLANG_ANALYZER_NUMBER_OBJECT_CONVERSION = YES_AGGRESSIVE;
				CLANG_CXX_LANGUAGE_STANDARD = "gnu++14";
				CLANG_CXX_LIBRARY = "libc++";
				CLANG_ENABLE_MODULES = YES;
				CLANG_ENABLE_OBJC_ARC = YES;
				CLANG_ENABLE_OBJC_WEAK = YES;
				CLANG_WARN_BLOCK_CAPTURE_AUTORELEASING = YES;
				CLANG_WARN_BOOL_CONVERSION = YES;
				CLANG_WARN_COMMA = YES;
				CLANG_WARN_CONSTANT_CONVERSION = YES;
				CLANG_WARN_DEPRECATED_OBJC_IMPLEMENTATIONS = YES;
				CLANG_WARN_DIRECT_OBJC_ISA_USAGE = YES_ERROR;
				CLANG_WARN_DOCUMENTATION_COMMENTS = YES;
				CLANG_WARN_EMPTY_BODY = YES;
				CLANG_WARN_ENUM_CONVERSION = YES;
				CLANG_WARN_INFINITE_RECURSION = YES;
				CLANG_WARN_INT_CONVERSION = YES;
				CLANG_WARN_NON_LITERAL_NULL_CONVERSION = YES;
				CLANG_WARN_OBJC_IMPLICIT_RETAIN_SELF = YES;
				CLANG_WARN_OBJC_LITERAL_CONVERSION = YES;
				CLANG_WARN_OBJC_ROOT_CLASS = YES_ERROR;
				CLANG_WARN_RANGE_LOOP_ANALYSIS = YES;
				CLANG_WARN_STRICT_PROTOTYPES = YES;
				CLANG_WARN_SUSPICIOUS_MOVE = YES;
				CLANG_WARN_UNGUARDED_AVAILABILITY = YES_AGGRESSIVE;
				CLANG_WARN_UNREACHABLE_CODE = YES;
				CLANG_WARN__DUPLICATE_METHOD_MATCH = YES;
				CODE_SIGN_IDENTITY = "Mac Developer";
				COPY_PHASE_STRIP = NO;
				DEBUG_INFORMATION_FORMAT = dwarf;
				ENABLE_STRICT_OBJC_MSGSEND = YES;
				ENABLE_TESTABILITY = YES;
				GCC_C_LANGUAGE_STANDARD = gnu11;
				GCC_DYNAMIC_NO_PIC = NO;
				GCC_NO_COMMON_BLOCKS = YES;
				GCC_OPTIMIZATION_LEVEL = 0;
				GCC_PREPROCESSOR_DEFINITIONS = (
					"DEBUG=1",
					"$(inherited)",
				);
				GCC_WARN_64_TO_32_BIT_CONVERSION = YES;
				GCC_WARN_ABOUT_RETURN_TYPE = YES_ERROR;
				GCC_WARN_UNDECLARED_SELECTOR = YES;
				GCC_WARN_UNINITIALIZED_AUTOS = YES_AGGRESSIVE;
				GCC_WARN_UNUSED_FUNCTION = YES;
				GCC_WARN_UNUSED_VARIABLE = YES;
				MACOSX_DEPLOYMENT_TARGET = 10.13;
				MTL_ENABLE_DEBUG_INFO = YES;
				ONLY_ACTIVE_ARCH = YES;
				SDKROOT = macosx;
				SWIFT_ACTIVE_COMPILATION_CONDITIONS = DEBUG;
				SWIFT_OPTIMIZATION_LEVEL = "-Onone";
			};
			name = Debug;
		};
		4354DEB620EC115600FC8219 /* Release */ = {
			isa = XCBuildConfiguration;
			buildSettings = {
				ALWAYS_SEARCH_USER_PATHS = NO;
				CLANG_ANALYZER_NONNULL = YES;
				CLANG_ANALYZER_NUMBER_OBJECT_CONVERSION = YES_AGGRESSIVE;
				CLANG_CXX_LANGUAGE_STANDARD = "gnu++14";
				CLANG_CXX_LIBRARY = "libc++";
				CLANG_ENABLE_MODULES = YES;
				CLANG_ENABLE_OBJC_ARC = YES;
				CLANG_ENABLE_OBJC_WEAK = YES;
				CLANG_WARN_BLOCK_CAPTURE_AUTORELEASING = YES;
				CLANG_WARN_BOOL_CONVERSION = YES;
				CLANG_WARN_COMMA = YES;
				CLANG_WARN_CONSTANT_CONVERSION = YES;
				CLANG_WARN_DEPRECATED_OBJC_IMPLEMENTATIONS = YES;
				CLANG_WARN_DIRECT_OBJC_ISA_USAGE = YES_ERROR;
				CLANG_WARN_DOCUMENTATION_COMMENTS = YES;
				CLANG_WARN_EMPTY_BODY = YES;
				CLANG_WARN_ENUM_CONVERSION = YES;
				CLANG_WARN_INFINITE_RECURSION = YES;
				CLANG_WARN_INT_CONVERSION = YES;
				CLANG_WARN_NON_LITERAL_NULL_CONVERSION = YES;
				CLANG_WARN_OBJC_IMPLICIT_RETAIN_SELF = YES;
				CLANG_WARN_OBJC_LITERAL_CONVERSION = YES;
				CLANG_WARN_OBJC_ROOT_CLASS = YES_ERROR;
				CLANG_WARN_RANGE_LOOP_ANALYSIS = YES;
				CLANG_WARN_STRICT_PROTOTYPES = YES;
				CLANG_WARN_SUSPICIOUS_MOVE = YES;
				CLANG_WARN_UNGUARDED_AVAILABILITY = YES_AGGRESSIVE;
				CLANG_WARN_UNREACHABLE_CODE = YES;
				CLANG_WARN__DUPLICATE_METHOD_MATCH = YES;
				CODE_SIGN_IDENTITY = "Mac Developer";
				COPY_PHASE_STRIP = NO;
				DEBUG_INFORMATION_FORMAT = "dwarf-with-dsym";
				ENABLE_NS_ASSERTIONS = NO;
				ENABLE_STRICT_OBJC_MSGSEND = YES;
				GCC_C_LANGUAGE_STANDARD = gnu11;
				GCC_NO_COMMON_BLOCKS = YES;
				GCC_WARN_64_TO_32_BIT_CONVERSION = YES;
				GCC_WARN_ABOUT_RETURN_TYPE = YES_ERROR;
				GCC_WARN_UNDECLARED_SELECTOR = YES;
				GCC_WARN_UNINITIALIZED_AUTOS = YES_AGGRESSIVE;
				GCC_WARN_UNUSED_FUNCTION = YES;
				GCC_WARN_UNUSED_VARIABLE = YES;
				MACOSX_DEPLOYMENT_TARGET = 10.13;
				MTL_ENABLE_DEBUG_INFO = NO;
				SDKROOT = macosx;
				SWIFT_COMPILATION_MODE = wholemodule;
				SWIFT_OPTIMIZATION_LEVEL = "-O";
			};
			name = Release;
		};
		4354DEB820EC115600FC8219 /* Debug */ = {
			isa = XCBuildConfiguration;
			buildSettings = {
				ALWAYS_EMBED_SWIFT_STANDARD_LIBRARIES = YES;
				ASSETCATALOG_COMPILER_APPICON_NAME = AppIcon;
				CODE_SIGN_ENTITLEMENTS = Indiepaper/Indiepaper.entitlements;
				CODE_SIGN_STYLE = Automatic;
				COMBINE_HIDPI_IMAGES = YES;
				DEVELOPMENT_TEAM = 7V6W525663;
				INFOPLIST_FILE = Indiepaper/Info.plist;
				LD_RUNPATH_SEARCH_PATHS = (
					"$(inherited)",
					"@executable_path/../Frameworks",
				);
				PRODUCT_BUNDLE_IDENTIFIER = io.cleverdevil.Indiepaper;
				PRODUCT_NAME = "$(TARGET_NAME)";
				SWIFT_VERSION = 4.0;
			};
			name = Debug;
		};
		4354DEB920EC115600FC8219 /* Release */ = {
			isa = XCBuildConfiguration;
			buildSettings = {
				ALWAYS_EMBED_SWIFT_STANDARD_LIBRARIES = YES;
				ASSETCATALOG_COMPILER_APPICON_NAME = AppIcon;
				CODE_SIGN_ENTITLEMENTS = Indiepaper/Indiepaper.entitlements;
				CODE_SIGN_STYLE = Automatic;
				COMBINE_HIDPI_IMAGES = YES;
				DEVELOPMENT_TEAM = 7V6W525663;
				INFOPLIST_FILE = Indiepaper/Info.plist;
				LD_RUNPATH_SEARCH_PATHS = (
					"$(inherited)",
					"@executable_path/../Frameworks",
				);
				PRODUCT_BUNDLE_IDENTIFIER = io.cleverdevil.Indiepaper;
				PRODUCT_NAME = "$(TARGET_NAME)";
				SWIFT_VERSION = 4.0;
			};
			name = Release;
		};
		4354DECD20EC12CA00FC8219 /* Debug */ = {
			isa = XCBuildConfiguration;
			buildSettings = {
				ASSETCATALOG_COMPILER_APPICON_NAME = AppIcon;
				CODE_SIGN_ENTITLEMENTS = "Send to Indiepaper/Send_to_Indiepaper.entitlements";
				CODE_SIGN_STYLE = Automatic;
				COMBINE_HIDPI_IMAGES = YES;
				DEVELOPMENT_TEAM = 7V6W525663;
				INFOPLIST_FILE = "Send to Indiepaper/Info.plist";
				LD_RUNPATH_SEARCH_PATHS = (
					"$(inherited)",
					"@executable_path/../Frameworks",
					"@executable_path/../../../../Frameworks",
				);
				PRODUCT_BUNDLE_IDENTIFIER = "io.cleverdevil.Indiepaper.Send-to-Indiepaper";
				PRODUCT_NAME = "$(TARGET_NAME)";
				SKIP_INSTALL = YES;
				SWIFT_VERSION = 4.0;
			};
			name = Debug;
		};
		4354DECE20EC12CA00FC8219 /* Release */ = {
			isa = XCBuildConfiguration;
			buildSettings = {
				ASSETCATALOG_COMPILER_APPICON_NAME = AppIcon;
				CODE_SIGN_ENTITLEMENTS = "Send to Indiepaper/Send_to_Indiepaper.entitlements";
				CODE_SIGN_STYLE = Automatic;
				COMBINE_HIDPI_IMAGES = YES;
				DEVELOPMENT_TEAM = 7V6W525663;
				INFOPLIST_FILE = "Send to Indiepaper/Info.plist";
				LD_RUNPATH_SEARCH_PATHS = (
					"$(inherited)",
					"@executable_path/../Frameworks",
					"@executable_path/../../../../Frameworks",
				);
				PRODUCT_BUNDLE_IDENTIFIER = "io.cleverdevil.Indiepaper.Send-to-Indiepaper";
				PRODUCT_NAME = "$(TARGET_NAME)";
				SKIP_INSTALL = YES;
				SWIFT_VERSION = 4.0;
			};
			name = Release;
		};
		C8A3F92220F3FD5B00B94809 /* Debug */ = {
			isa = XCBuildConfiguration;
			buildSettings = {
				ASSETCATALOG_COMPILER_APPICON_NAME = AppIcon;
				CODE_SIGN_IDENTITY = "iPhone Developer";
				CODE_SIGN_STYLE = Automatic;
				INFOPLIST_FILE = Indiepaper.iOS/Info.plist;
				IPHONEOS_DEPLOYMENT_TARGET = 11.0;
				LD_RUNPATH_SEARCH_PATHS = (
					"$(inherited)",
					"@executable_path/Frameworks",
				);
				MTL_ENABLE_DEBUG_INFO = INCLUDE_SOURCE;
				PRODUCT_BUNDLE_IDENTIFIER = "io.cleverdevil.Indiepaper-iOS";
				PRODUCT_NAME = "$(TARGET_NAME)";
				SDKROOT = iphoneos;
				SWIFT_VERSION = 4.0;
				TARGETED_DEVICE_FAMILY = "1,2";
			};
			name = Debug;
		};
		C8A3F92320F3FD5B00B94809 /* Release */ = {
			isa = XCBuildConfiguration;
			buildSettings = {
				ASSETCATALOG_COMPILER_APPICON_NAME = AppIcon;
				CODE_SIGN_IDENTITY = "iPhone Developer";
				CODE_SIGN_STYLE = Automatic;
				INFOPLIST_FILE = Indiepaper.iOS/Info.plist;
				IPHONEOS_DEPLOYMENT_TARGET = 11.0;
				LD_RUNPATH_SEARCH_PATHS = (
					"$(inherited)",
					"@executable_path/Frameworks",
				);
				PRODUCT_BUNDLE_IDENTIFIER = "io.cleverdevil.Indiepaper-iOS";
				PRODUCT_NAME = "$(TARGET_NAME)";
				SDKROOT = iphoneos;
				SWIFT_VERSION = 4.0;
				TARGETED_DEVICE_FAMILY = "1,2";
				VALIDATE_PRODUCT = YES;
			};
			name = Release;
		};
/* End XCBuildConfiguration section */

/* Begin XCConfigurationList section */
		4354DEA420EC115400FC8219 /* Build configuration list for PBXProject "Indiepaper" */ = {
			isa = XCConfigurationList;
			buildConfigurations = (
				4354DEB520EC115600FC8219 /* Debug */,
				4354DEB620EC115600FC8219 /* Release */,
			);
			defaultConfigurationIsVisible = 0;
			defaultConfigurationName = Release;
		};
		4354DEB720EC115600FC8219 /* Build configuration list for PBXNativeTarget "Indiepaper" */ = {
			isa = XCConfigurationList;
			buildConfigurations = (
				4354DEB820EC115600FC8219 /* Debug */,
				4354DEB920EC115600FC8219 /* Release */,
			);
			defaultConfigurationIsVisible = 0;
			defaultConfigurationName = Release;
		};
		4354DECC20EC12CA00FC8219 /* Build configuration list for PBXNativeTarget "Send to Indiepaper" */ = {
			isa = XCConfigurationList;
			buildConfigurations = (
				4354DECD20EC12CA00FC8219 /* Debug */,
				4354DECE20EC12CA00FC8219 /* Release */,
			);
			defaultConfigurationIsVisible = 0;
			defaultConfigurationName = Release;
		};
		C8A3F92420F3FD5B00B94809 /* Build configuration list for PBXNativeTarget "Indiepaper.iOS" */ = {
			isa = XCConfigurationList;
			buildConfigurations = (
				C8A3F92220F3FD5B00B94809 /* Debug */,
				C8A3F92320F3FD5B00B94809 /* Release */,
			);
			defaultConfigurationIsVisible = 0;
			defaultConfigurationName = Release;
		};
/* End XCConfigurationList section */
	};
	rootObject = 4354DEA120EC115400FC8219 /* Project object */;
}
